// !$*UTF8*$!
{
	archiveVersion = 1;
	classes = {
	};
	objectVersion = 50;
	objects = {

/* Begin PBXBuildFile section */
		6694DE582592E7F4007B8269 /* Tests_iOS.swift in Sources */ = {isa = PBXBuildFile; fileRef = 6694DE572592E7F4007B8269 /* Tests_iOS.swift */; };
		6694DE632592E7F4007B8269 /* Tests_macOS.swift in Sources */ = {isa = PBXBuildFile; fileRef = 6694DE622592E7F4007B8269 /* Tests_macOS.swift */; };
		6694DE652592E7F4007B8269 /* FirstprojectApp.swift in Sources */ = {isa = PBXBuildFile; fileRef = 6694DE3C2592E7F3007B8269 /* FirstprojectApp.swift */; };
		6694DE662592E7F4007B8269 /* FirstprojectApp.swift in Sources */ = {isa = PBXBuildFile; fileRef = 6694DE3C2592E7F3007B8269 /* FirstprojectApp.swift */; };
		6694DE672592E7F4007B8269 /* ContentView.swift in Sources */ = {isa = PBXBuildFile; fileRef = 6694DE3D2592E7F3007B8269 /* ContentView.swift */; };
		6694DE682592E7F4007B8269 /* ContentView.swift in Sources */ = {isa = PBXBuildFile; fileRef = 6694DE3D2592E7F3007B8269 /* ContentView.swift */; };
		6694DE692592E7F4007B8269 /* Assets.xcassets in Resources */ = {isa = PBXBuildFile; fileRef = 6694DE3E2592E7F4007B8269 /* Assets.xcassets */; };
		6694DE6A2592E7F4007B8269 /* Assets.xcassets in Resources */ = {isa = PBXBuildFile; fileRef = 6694DE3E2592E7F4007B8269 /* Assets.xcassets */; };
/* End PBXBuildFile section */

/* Begin PBXContainerItemProxy section */
		6694DE542592E7F4007B8269 /* PBXContainerItemProxy */ = {
			isa = PBXContainerItemProxy;
			containerPortal = 6694DE372592E7F3007B8269 /* Project object */;
			proxyType = 1;
			remoteGlobalIDString = 6694DE422592E7F4007B8269;
			remoteInfo = "Firstproject (iOS)";
		};
		6694DE5F2592E7F4007B8269 /* PBXContainerItemProxy */ = {
			isa = PBXContainerItemProxy;
			containerPortal = 6694DE372592E7F3007B8269 /* Project object */;
			proxyType = 1;
			remoteGlobalIDString = 6694DE4A2592E7F4007B8269;
			remoteInfo = "Firstproject (macOS)";
		};
/* End PBXContainerItemProxy section */

/* Begin PBXFileReference section */
		6694DE3C2592E7F3007B8269 /* FirstprojectApp.swift */ = {isa = PBXFileReference; lastKnownFileType = sourcecode.swift; path = FirstprojectApp.swift; sourceTree = "<group>"; };
		6694DE3D2592E7F3007B8269 /* ContentView.swift */ = {isa = PBXFileReference; lastKnownFileType = sourcecode.swift; path = ContentView.swift; sourceTree = "<group>"; };
		6694DE3E2592E7F4007B8269 /* Assets.xcassets */ = {isa = PBXFileReference; lastKnownFileType = folder.assetcatalog; path = Assets.xcassets; sourceTree = "<group>"; };
		6694DE432592E7F4007B8269 /* Firstproject.app */ = {isa = PBXFileReference; explicitFileType = wrapper.application; includeInIndex = 0; path = Firstproject.app; sourceTree = BUILT_PRODUCTS_DIR; };
		6694DE462592E7F4007B8269 /* Info.plist */ = {isa = PBXFileReference; lastKnownFileType = text.plist.xml; path = Info.plist; sourceTree = "<group>"; };
		6694DE4B2592E7F4007B8269 /* Firstproject.app */ = {isa = PBXFileReference; explicitFileType = wrapper.application; includeInIndex = 0; path = Firstproject.app; sourceTree = BUILT_PRODUCTS_DIR; };
		6694DE4D2592E7F4007B8269 /* Info.plist */ = {isa = PBXFileReference; lastKnownFileType = text.plist.xml; path = Info.plist; sourceTree = "<group>"; };
		6694DE4E2592E7F4007B8269 /* macOS.entitlements */ = {isa = PBXFileReference; lastKnownFileType = text.plist.entitlements; path = macOS.entitlements; sourceTree = "<group>"; };
		6694DE532592E7F4007B8269 /* Tests iOS.xctest */ = {isa = PBXFileReference; explicitFileType = wrapper.cfbundle; includeInIndex = 0; path = "Tests iOS.xctest"; sourceTree = BUILT_PRODUCTS_DIR; };
		6694DE572592E7F4007B8269 /* Tests_iOS.swift */ = {isa = PBXFileReference; lastKnownFileType = sourcecode.swift; path = Tests_iOS.swift; sourceTree = "<group>"; };
		6694DE592592E7F4007B8269 /* Info.plist */ = {isa = PBXFileReference; lastKnownFileType = text.plist.xml; path = Info.plist; sourceTree = "<group>"; };
		6694DE5E2592E7F4007B8269 /* Tests macOS.xctest */ = {isa = PBXFileReference; explicitFileType = wrapper.cfbundle; includeInIndex = 0; path = "Tests macOS.xctest"; sourceTree = BUILT_PRODUCTS_DIR; };
		6694DE622592E7F4007B8269 /* Tests_macOS.swift */ = {isa = PBXFileReference; lastKnownFileType = sourcecode.swift; path = Tests_macOS.swift; sourceTree = "<group>"; };
		6694DE642592E7F4007B8269 /* Info.plist */ = {isa = PBXFileReference; lastKnownFileType = text.plist.xml; path = Info.plist; sourceTree = "<group>"; };
/* End PBXFileReference section */

/* Begin PBXFrameworksBuildPhase section */
		6694DE402592E7F4007B8269 /* Frameworks */ = {
			isa = PBXFrameworksBuildPhase;
			buildActionMask = 2147483647;
			files = (
			);
			runOnlyForDeploymentPostprocessing = 0;
		};
		6694DE482592E7F4007B8269 /* Frameworks */ = {
			isa = PBXFrameworksBuildPhase;
			buildActionMask = 2147483647;
			files = (
			);
			runOnlyForDeploymentPostprocessing = 0;
		};
		6694DE502592E7F4007B8269 /* Frameworks */ = {
			isa = PBXFrameworksBuildPhase;
			buildActionMask = 2147483647;
			files = (
			);
			runOnlyForDeploymentPostprocessing = 0;
		};
		6694DE5B2592E7F4007B8269 /* Frameworks */ = {
			isa = PBXFrameworksBuildPhase;
			buildActionMask = 2147483647;
			files = (
			);
			runOnlyForDeploymentPostprocessing = 0;
		};
/* End PBXFrameworksBuildPhase section */

/* Begin PBXGroup section */
		6694DE362592E7F3007B8269 = {
			isa = PBXGroup;
			children = (
				6694DE3B2592E7F3007B8269 /* Shared */,
				6694DE452592E7F4007B8269 /* iOS */,
				6694DE4C2592E7F4007B8269 /* macOS */,
				6694DE562592E7F4007B8269 /* Tests iOS */,
				6694DE612592E7F4007B8269 /* Tests macOS */,
				6694DE442592E7F4007B8269 /* Products */,
			);
			sourceTree = "<group>";
		};
		6694DE3B2592E7F3007B8269 /* Shared */ = {
			isa = PBXGroup;
			children = (
				6694DE3C2592E7F3007B8269 /* FirstprojectApp.swift */,
				6694DE3D2592E7F3007B8269 /* ContentView.swift */,
				6694DE3E2592E7F4007B8269 /* Assets.xcassets */,
			);
			path = Shared;
			sourceTree = "<group>";
		};
		6694DE442592E7F4007B8269 /* Products */ = {
			isa = PBXGroup;
			children = (
				6694DE432592E7F4007B8269 /* Firstproject.app */,
				6694DE4B2592E7F4007B8269 /* Firstproject.app */,
				6694DE532592E7F4007B8269 /* Tests iOS.xctest */,
				6694DE5E2592E7F4007B8269 /* Tests macOS.xctest */,
			);
			name = Products;
			sourceTree = "<group>";
		};
		6694DE452592E7F4007B8269 /* iOS */ = {
			isa = PBXGroup;
			children = (
				6694DE462592E7F4007B8269 /* Info.plist */,
			);
			path = iOS;
			sourceTree = "<group>";
		};
		6694DE4C2592E7F4007B8269 /* macOS */ = {
			isa = PBXGroup;
			children = (
				6694DE4D2592E7F4007B8269 /* Info.plist */,
				6694DE4E2592E7F4007B8269 /* macOS.entitlements */,
			);
			path = macOS;
			sourceTree = "<group>";
		};
		6694DE562592E7F4007B8269 /* Tests iOS */ = {
			isa = PBXGroup;
			children = (
				6694DE572592E7F4007B8269 /* Tests_iOS.swift */,
				6694DE592592E7F4007B8269 /* Info.plist */,
			);
			path = "Tests iOS";
			sourceTree = "<group>";
		};
		6694DE612592E7F4007B8269 /* Tests macOS */ = {
			isa = PBXGroup;
			children = (
				6694DE622592E7F4007B8269 /* Tests_macOS.swift */,
				6694DE642592E7F4007B8269 /* Info.plist */,
			);
			path = "Tests macOS";
			sourceTree = "<group>";
		};
/* End PBXGroup section */

/* Begin PBXNativeTarget section */
		6694DE422592E7F4007B8269 /* Firstproject (iOS) */ = {
			isa = PBXNativeTarget;
			buildConfigurationList = 6694DE6D2592E7F4007B8269 /* Build configuration list for PBXNativeTarget "Firstproject (iOS)" */;
			buildPhases = (
				6694DE3F2592E7F4007B8269 /* Sources */,
				6694DE402592E7F4007B8269 /* Frameworks */,
				6694DE412592E7F4007B8269 /* Resources */,
			);
			buildRules = (
			);
			dependencies = (
			);
			name = "Firstproject (iOS)";
			productName = "Firstproject (iOS)";
			productReference = 6694DE432592E7F4007B8269 /* Firstproject.app */;
			productType = "com.apple.product-type.application";
		};
		6694DE4A2592E7F4007B8269 /* Firstproject (macOS) */ = {
			isa = PBXNativeTarget;
			buildConfigurationList = 6694DE702592E7F4007B8269 /* Build configuration list for PBXNativeTarget "Firstproject (macOS)" */;
			buildPhases = (
				6694DE472592E7F4007B8269 /* Sources */,
				6694DE482592E7F4007B8269 /* Frameworks */,
				6694DE492592E7F4007B8269 /* Resources */,
			);
			buildRules = (
			);
			dependencies = (
			);
			name = "Firstproject (macOS)";
			productName = "Firstproject (macOS)";
			productReference = 6694DE4B2592E7F4007B8269 /* Firstproject.app */;
			productType = "com.apple.product-type.application";
		};
		6694DE522592E7F4007B8269 /* Tests iOS */ = {
			isa = PBXNativeTarget;
			buildConfigurationList = 6694DE732592E7F4007B8269 /* Build configuration list for PBXNativeTarget "Tests iOS" */;
			buildPhases = (
				6694DE4F2592E7F4007B8269 /* Sources */,
				6694DE502592E7F4007B8269 /* Frameworks */,
				6694DE512592E7F4007B8269 /* Resources */,
			);
			buildRules = (
			);
			dependencies = (
				6694DE552592E7F4007B8269 /* PBXTargetDependency */,
			);
			name = "Tests iOS";
			productName = "Tests iOS";
			productReference = 6694DE532592E7F4007B8269 /* Tests iOS.xctest */;
			productType = "com.apple.product-type.bundle.ui-testing";
		};
		6694DE5D2592E7F4007B8269 /* Tests macOS */ = {
			isa = PBXNativeTarget;
			buildConfigurationList = 6694DE762592E7F4007B8269 /* Build configuration list for PBXNativeTarget "Tests macOS" */;
			buildPhases = (
				6694DE5A2592E7F4007B8269 /* Sources */,
				6694DE5B2592E7F4007B8269 /* Frameworks */,
				6694DE5C2592E7F4007B8269 /* Resources */,
			);
			buildRules = (
			);
			dependencies = (
				6694DE602592E7F4007B8269 /* PBXTargetDependency */,
			);
			name = "Tests macOS";
			productName = "Tests macOS";
			productReference = 6694DE5E2592E7F4007B8269 /* Tests macOS.xctest */;
			productType = "com.apple.product-type.bundle.ui-testing";
		};
/* End PBXNativeTarget section */

/* Begin PBXProject section */
		6694DE372592E7F3007B8269 /* Project object */ = {
			isa = PBXProject;
			attributes = {
				LastSwiftUpdateCheck = 1230;
				LastUpgradeCheck = 1230;
				TargetAttributes = {
					6694DE422592E7F4007B8269 = {
						CreatedOnToolsVersion = 12.3;
					};
					6694DE4A2592E7F4007B8269 = {
						CreatedOnToolsVersion = 12.3;
					};
					6694DE522592E7F4007B8269 = {
						CreatedOnToolsVersion = 12.3;
						TestTargetID = 6694DE422592E7F4007B8269;
					};
					6694DE5D2592E7F4007B8269 = {
						CreatedOnToolsVersion = 12.3;
						TestTargetID = 6694DE4A2592E7F4007B8269;
					};
				};
			};
			buildConfigurationList = 6694DE3A2592E7F3007B8269 /* Build configuration list for PBXProject "Firstproject" */;
			compatibilityVersion = "Xcode 9.3";
			developmentRegion = en;
			hasScannedForEncodings = 0;
			knownRegions = (
				en,
				Base,
			);
			mainGroup = 6694DE362592E7F3007B8269;
			productRefGroup = 6694DE442592E7F4007B8269 /* Products */;
			projectDirPath = "";
			projectRoot = "";
			targets = (
				6694DE422592E7F4007B8269 /* Firstproject (iOS) */,
				6694DE4A2592E7F4007B8269 /* Firstproject (macOS) */,
				6694DE522592E7F4007B8269 /* Tests iOS */,
				6694DE5D2592E7F4007B8269 /* Tests macOS */,
			);
		};
/* End PBXProject section */

/* Begin PBXResourcesBuildPhase section */
		6694DE412592E7F4007B8269 /* Resources */ = {
			isa = PBXResourcesBuildPhase;
			buildActionMask = 2147483647;
			files = (
				6694DE692592E7F4007B8269 /* Assets.xcassets in Resources */,
			);
			runOnlyForDeploymentPostprocessing = 0;
		};
		6694DE492592E7F4007B8269 /* Resources */ = {
			isa = PBXResourcesBuildPhase;
			buildActionMask = 2147483647;
			files = (
				6694DE6A2592E7F4007B8269 /* Assets.xcassets in Resources */,
			);
			runOnlyForDeploymentPostprocessing = 0;
		};
		6694DE512592E7F4007B8269 /* Resources */ = {
			isa = PBXResourcesBuildPhase;
			buildActionMask = 2147483647;
			files = (
			);
			runOnlyForDeploymentPostprocessing = 0;
		};
		6694DE5C2592E7F4007B8269 /* Resources */ = {
			isa = PBXResourcesBuildPhase;
			buildActionMask = 2147483647;
			files = (
			);
			runOnlyForDeploymentPostprocessing = 0;
		};
/* End PBXResourcesBuildPhase section */

/* Begin PBXSourcesBuildPhase section */
		6694DE3F2592E7F4007B8269 /* Sources */ = {
			isa = PBXSourcesBuildPhase;
			buildActionMask = 2147483647;
			files = (
				6694DE672592E7F4007B8269 /* ContentView.swift in Sources */,
				6694DE652592E7F4007B8269 /* FirstprojectApp.swift in Sources */,
			);
			runOnlyForDeploymentPostprocessing = 0;
		};
		6694DE472592E7F4007B8269 /* Sources */ = {
			isa = PBXSourcesBuildPhase;
			buildActionMask = 2147483647;
			files = (
				6694DE682592E7F4007B8269 /* ContentView.swift in Sources */,
				6694DE662592E7F4007B8269 /* FirstprojectApp.swift in Sources */,
			);
			runOnlyForDeploymentPostprocessing = 0;
		};
		6694DE4F2592E7F4007B8269 /* Sources */ = {
			isa = PBXSourcesBuildPhase;
			buildActionMask = 2147483647;
			files = (
				6694DE582592E7F4007B8269 /* Tests_iOS.swift in Sources */,
			);
			runOnlyForDeploymentPostprocessing = 0;
		};
		6694DE5A2592E7F4007B8269 /* Sources */ = {
			isa = PBXSourcesBuildPhase;
			buildActionMask = 2147483647;
			files = (
				6694DE632592E7F4007B8269 /* Tests_macOS.swift in Sources */,
			);
			runOnlyForDeploymentPostprocessing = 0;
		};
/* End PBXSourcesBuildPhase section */

/* Begin PBXTargetDependency section */
		6694DE552592E7F4007B8269 /* PBXTargetDependency */ = {
			isa = PBXTargetDependency;
			target = 6694DE422592E7F4007B8269 /* Firstproject (iOS) */;
			targetProxy = 6694DE542592E7F4007B8269 /* PBXContainerItemProxy */;
		};
		6694DE602592E7F4007B8269 /* PBXTargetDependency */ = {
			isa = PBXTargetDependency;
			target = 6694DE4A2592E7F4007B8269 /* Firstproject (macOS) */;
			targetProxy = 6694DE5F2592E7F4007B8269 /* PBXContainerItemProxy */;
		};
/* End PBXTargetDependency section */

/* Begin XCBuildConfiguration section */
		6694DE6B2592E7F4007B8269 /* Debug */ = {
			isa = XCBuildConfiguration;
			buildSettings = {
				ALWAYS_SEARCH_USER_PATHS = NO;
				CLANG_ANALYZER_NONNULL = YES;
				CLANG_ANALYZER_NUMBER_OBJECT_CONVERSION = YES_AGGRESSIVE;
				CLANG_CXX_LANGUAGE_STANDARD = "gnu++14";
				CLANG_CXX_LIBRARY = "libc++";
				CLANG_ENABLE_MODULES = YES;
				CLANG_ENABLE_OBJC_ARC = YES;
				CLANG_ENABLE_OBJC_WEAK = YES;
				CLANG_WARN_BLOCK_CAPTURE_AUTORELEASING = YES;
				CLANG_WARN_BOOL_CONVERSION = YES;
				CLANG_WARN_COMMA = YES;
				CLANG_WARN_CONSTANT_CONVERSION = YES;
				CLANG_WARN_DEPRECATED_OBJC_IMPLEMENTATIONS = YES;
				CLANG_WARN_DIRECT_OBJC_ISA_USAGE = YES_ERROR;
				CLANG_WARN_DOCUMENTATION_COMMENTS = YES;
				CLANG_WARN_EMPTY_BODY = YES;
				CLANG_WARN_ENUM_CONVERSION = YES;
				CLANG_WARN_INFINITE_RECURSION = YES;
				CLANG_WARN_INT_CONVERSION = YES;
				CLANG_WARN_NON_LITERAL_NULL_CONVERSION = YES;
				CLANG_WARN_OBJC_IMPLICIT_RETAIN_SELF = YES;
				CLANG_WARN_OBJC_LITERAL_CONVERSION = YES;
				CLANG_WARN_OBJC_ROOT_CLASS = YES_ERROR;
				CLANG_WARN_QUOTED_INCLUDE_IN_FRAMEWORK_HEADER = YES;
				CLANG_WARN_RANGE_LOOP_ANALYSIS = YES;
				CLANG_WARN_STRICT_PROTOTYPES = YES;
				CLANG_WARN_SUSPICIOUS_MOVE = YES;
				CLANG_WARN_UNGUARDED_AVAILABILITY = YES_AGGRESSIVE;
				CLANG_WARN_UNREACHABLE_CODE = YES;
				CLANG_WARN__DUPLICATE_METHOD_MATCH = YES;
				COPY_PHASE_STRIP = NO;
				DEBUG_INFORMATION_FORMAT = dwarf;
				ENABLE_STRICT_OBJC_MSGSEND = YES;
				ENABLE_TESTABILITY = YES;
				GCC_C_LANGUAGE_STANDARD = gnu11;
				GCC_DYNAMIC_NO_PIC = NO;
				GCC_NO_COMMON_BLOCKS = YES;
				GCC_OPTIMIZATION_LEVEL = 0;
				GCC_PREPROCESSOR_DEFINITIONS = (
					"DEBUG=1",
					"$(inherited)",
				);
				GCC_WARN_64_TO_32_BIT_CONVERSION = YES;
				GCC_WARN_ABOUT_RETURN_TYPE = YES_ERROR;
				GCC_WARN_UNDECLARED_SELECTOR = YES;
				GCC_WARN_UNINITIALIZED_AUTOS = YES_AGGRESSIVE;
				GCC_WARN_UNUSED_FUNCTION = YES;
				GCC_WARN_UNUSED_VARIABLE = YES;
				MTL_ENABLE_DEBUG_INFO = INCLUDE_SOURCE;
				MTL_FAST_MATH = YES;
				ONLY_ACTIVE_ARCH = YES;
				SWIFT_ACTIVE_COMPILATION_CONDITIONS = DEBUG;
				SWIFT_OPTIMIZATION_LEVEL = "-Onone";
			};
			name = Debug;
		};
		6694DE6C2592E7F4007B8269 /* Release */ = {
			isa = XCBuildConfiguration;
			buildSettings = {
				ALWAYS_SEARCH_USER_PATHS = NO;
				CLANG_ANALYZER_NONNULL = YES;
				CLANG_ANALYZER_NUMBER_OBJECT_CONVERSION = YES_AGGRESSIVE;
				CLANG_CXX_LANGUAGE_STANDARD = "gnu++14";
				CLANG_CXX_LIBRARY = "libc++";
				CLANG_ENABLE_MODULES = YES;
				CLANG_ENABLE_OBJC_ARC = YES;
				CLANG_ENABLE_OBJC_WEAK = YES;
				CLANG_WARN_BLOCK_CAPTURE_AUTORELEASING = YES;
				CLANG_WARN_BOOL_CONVERSION = YES;
				CLANG_WARN_COMMA = YES;
				CLANG_WARN_CONSTANT_CONVERSION = YES;
				CLANG_WARN_DEPRECATED_OBJC_IMPLEMENTATIONS = YES;
				CLANG_WARN_DIRECT_OBJC_ISA_USAGE = YES_ERROR;
				CLANG_WARN_DOCUMENTATION_COMMENTS = YES;
				CLANG_WARN_EMPTY_BODY = YES;
				CLANG_WARN_ENUM_CONVERSION = YES;
				CLANG_WARN_INFINITE_RECURSION = YES;
				CLANG_WARN_INT_CONVERSION = YES;
				CLANG_WARN_NON_LITERAL_NULL_CONVERSION = YES;
				CLANG_WARN_OBJC_IMPLICIT_RETAIN_SELF = YES;
				CLANG_WARN_OBJC_LITERAL_CONVERSION = YES;
				CLANG_WARN_OBJC_ROOT_CLASS = YES_ERROR;
				CLANG_WARN_QUOTED_INCLUDE_IN_FRAMEWORK_HEADER = YES;
				CLANG_WARN_RANGE_LOOP_ANALYSIS = YES;
				CLANG_WARN_STRICT_PROTOTYPES = YES;
				CLANG_WARN_SUSPICIOUS_MOVE = YES;
				CLANG_WARN_UNGUARDED_AVAILABILITY = YES_AGGRESSIVE;
				CLANG_WARN_UNREACHABLE_CODE = YES;
				CLANG_WARN__DUPLICATE_METHOD_MATCH = YES;
				COPY_PHASE_STRIP = NO;
				DEBUG_INFORMATION_FORMAT = "dwarf-with-dsym";
				ENABLE_NS_ASSERTIONS = NO;
				ENABLE_STRICT_OBJC_MSGSEND = YES;
				GCC_C_LANGUAGE_STANDARD = gnu11;
				GCC_NO_COMMON_BLOCKS = YES;
				GCC_WARN_64_TO_32_BIT_CONVERSION = YES;
				GCC_WARN_ABOUT_RETURN_TYPE = YES_ERROR;
				GCC_WARN_UNDECLARED_SELECTOR = YES;
				GCC_WARN_UNINITIALIZED_AUTOS = YES_AGGRESSIVE;
				GCC_WARN_UNUSED_FUNCTION = YES;
				GCC_WARN_UNUSED_VARIABLE = YES;
				MTL_ENABLE_DEBUG_INFO = NO;
				MTL_FAST_MATH = YES;
				SWIFT_COMPILATION_MODE = wholemodule;
				SWIFT_OPTIMIZATION_LEVEL = "-O";
			};
			name = Release;
		};
		6694DE6E2592E7F4007B8269 /* Debug */ = {
			isa = XCBuildConfiguration;
			buildSettings = {
				ASSETCATALOG_COMPILER_APPICON_NAME = AppIcon;
				ASSETCATALOG_COMPILER_GLOBAL_ACCENT_COLOR_NAME = AccentColor;
				CODE_SIGN_STYLE = Automatic;
				ENABLE_PREVIEWS = YES;
				INFOPLIST_FILE = iOS/Info.plist;
				IPHONEOS_DEPLOYMENT_TARGET = 9.3;
				LD_RUNPATH_SEARCH_PATHS = (
					"$(inherited)",
					"@executable_path/Frameworks",
				);
				PRODUCT_BUNDLE_IDENTIFIER = dyco.Firstproject;
				PRODUCT_NAME = Firstproject;
				SDKROOT = iphoneos;
				SWIFT_VERSION = 5.0;
				TARGETED_DEVICE_FAMILY = "1,2";
			};
			name = Debug;
		};
		6694DE6F2592E7F4007B8269 /* Release */ = {
			isa = XCBuildConfiguration;
			buildSettings = {
				ASSETCATALOG_COMPILER_APPICON_NAME = AppIcon;
				ASSETCATALOG_COMPILER_GLOBAL_ACCENT_COLOR_NAME = AccentColor;
				CODE_SIGN_STYLE = Automatic;
				ENABLE_PREVIEWS = YES;
				INFOPLIST_FILE = iOS/Info.plist;
				IPHONEOS_DEPLOYMENT_TARGET = 9.3;
				LD_RUNPATH_SEARCH_PATHS = (
					"$(inherited)",
					"@executable_path/Frameworks",
				);
				PRODUCT_BUNDLE_IDENTIFIER = dyco.Firstproject;
				PRODUCT_NAME = Firstproject;
				SDKROOT = iphoneos;
				SWIFT_VERSION = 5.0;
				TARGETED_DEVICE_FAMILY = "1,2";
				VALIDATE_PRODUCT = YES;
			};
			name = Release;
		};
		6694DE712592E7F4007B8269 /* Debug */ = {
			isa = XCBuildConfiguration;
			buildSettings = {
				ASSETCATALOG_COMPILER_APPICON_NAME = AppIcon;
				ASSETCATALOG_COMPILER_GLOBAL_ACCENT_COLOR_NAME = AccentColor;
				CODE_SIGN_ENTITLEMENTS = macOS/macOS.entitlements;
				CODE_SIGN_STYLE = Automatic;
				COMBINE_HIDPI_IMAGES = YES;
				ENABLE_PREVIEWS = YES;
				INFOPLIST_FILE = macOS/Info.plist;
				LD_RUNPATH_SEARCH_PATHS = (
					"$(inherited)",
					"@executable_path/../Frameworks",
				);
				MACOSX_DEPLOYMENT_TARGET = 11.0;
				PRODUCT_BUNDLE_IDENTIFIER = dyco.Firstproject;
				PRODUCT_NAME = Firstproject;
				SDKROOT = macosx;
				SWIFT_VERSION = 5.0;
			};
			name = Debug;
		};
		6694DE722592E7F4007B8269 /* Release */ = {
			isa = XCBuildConfiguration;
			buildSettings = {
				ASSETCATALOG_COMPILER_APPICON_NAME = AppIcon;
				ASSETCATALOG_COMPILER_GLOBAL_ACCENT_COLOR_NAME = AccentColor;
				CODE_SIGN_ENTITLEMENTS = macOS/macOS.entitlements;
				CODE_SIGN_STYLE = Automatic;
				COMBINE_HIDPI_IMAGES = YES;
				ENABLE_PREVIEWS = YES;
				INFOPLIST_FILE = macOS/Info.plist;
				LD_RUNPATH_SEARCH_PATHS = (
					"$(inherited)",
					"@executable_path/../Frameworks",
				);
				MACOSX_DEPLOYMENT_TARGET = 11.0;
				PRODUCT_BUNDLE_IDENTIFIER = dyco.Firstproject;
				PRODUCT_NAME = Firstproject;
				SDKROOT = macosx;
				SWIFT_VERSION = 5.0;
			};
			name = Release;
		};
		6694DE742592E7F4007B8269 /* Debug */ = {
			isa = XCBuildConfiguration;
			buildSettings = {
				ALWAYS_EMBED_SWIFT_STANDARD_LIBRARIES = YES;
				CODE_SIGN_STYLE = Automatic;
				INFOPLIST_FILE = "Tests iOS/Info.plist";
				IPHONEOS_DEPLOYMENT_TARGET = 14.3;
				LD_RUNPATH_SEARCH_PATHS = (
					"$(inherited)",
					"@executable_path/Frameworks",
					"@loader_path/Frameworks",
				);
				PRODUCT_BUNDLE_IDENTIFIER = "dyco.Tests-iOS";
				PRODUCT_NAME = "$(TARGET_NAME)";
				SDKROOT = iphoneos;
				SWIFT_VERSION = 5.0;
				TARGETED_DEVICE_FAMILY = "1,2";
				TEST_TARGET_NAME = "Firstproject (iOS)";
			};
			name = Debug;
		};
		6694DE752592E7F4007B8269 /* Release */ = {
			isa = XCBuildConfiguration;
			buildSettings = {
				ALWAYS_EMBED_SWIFT_STANDARD_LIBRARIES = YES;
				CODE_SIGN_STYLE = Automatic;
				INFOPLIST_FILE = "Tests iOS/Info.plist";
				IPHONEOS_DEPLOYMENT_TARGET = 14.3;
				LD_RUNPATH_SEARCH_PATHS = (
					"$(inherited)",
					"@executable_path/Frameworks",
					"@loader_path/Frameworks",
				);
				PRODUCT_BUNDLE_IDENTIFIER = "dyco.Tests-iOS";
				PRODUCT_NAME = "$(TARGET_NAME)";
				SDKROOT = iphoneos;
				SWIFT_VERSION = 5.0;
				TARGETED_DEVICE_FAMILY = "1,2";
				TEST_TARGET_NAME = "Firstproject (iOS)";
				VALIDATE_PRODUCT = YES;
			};
			name = Release;
		};
		6694DE772592E7F4007B8269 /* Debug */ = {
			isa = XCBuildConfiguration;
			buildSettings = {
				ALWAYS_EMBED_SWIFT_STANDARD_LIBRARIES = YES;
				CODE_SIGN_STYLE = Automatic;
				COMBINE_HIDPI_IMAGES = YES;
				INFOPLIST_FILE = "Tests macOS/Info.plist";
				LD_RUNPATH_SEARCH_PATHS = (
					"$(inherited)",
					"@executable_path/../Frameworks",
					"@loader_path/../Frameworks",
				);
				MACOSX_DEPLOYMENT_TARGET = 10.15;
				PRODUCT_BUNDLE_IDENTIFIER = "dyco.Tests-macOS";
				PRODUCT_NAME = "$(TARGET_NAME)";
				SDKROOT = macosx;
				SWIFT_VERSION = 5.0;
				TEST_TARGET_NAME = "Firstproject (macOS)";
			};
			name = Debug;
		};
		6694DE782592E7F4007B8269 /* Release */ = {
			isa = XCBuildConfiguration;
			buildSettings = {
				ALWAYS_EMBED_SWIFT_STANDARD_LIBRARIES = YES;
				CODE_SIGN_STYLE = Automatic;
				COMBINE_HIDPI_IMAGES = YES;
				INFOPLIST_FILE = "Tests macOS/Info.plist";
				LD_RUNPATH_SEARCH_PATHS = (
					"$(inherited)",
					"@executable_path/../Frameworks",
					"@loader_path/../Frameworks",
				);
				MACOSX_DEPLOYMENT_TARGET = 10.15;
				PRODUCT_BUNDLE_IDENTIFIER = "dyco.Tests-macOS";
				PRODUCT_NAME = "$(TARGET_NAME)";
				SDKROOT = macosx;
				SWIFT_VERSION = 5.0;
				TEST_TARGET_NAME = "Firstproject (macOS)";
			};
			name = Release;
		};
/* End XCBuildConfiguration section */

/* Begin XCConfigurationList section */
		6694DE3A2592E7F3007B8269 /* Build configuration list for PBXProject "Firstproject" */ = {
			isa = XCConfigurationList;
			buildConfigurations = (
				6694DE6B2592E7F4007B8269 /* Debug */,
				6694DE6C2592E7F4007B8269 /* Release */,
			);
			defaultConfigurationIsVisible = 0;
			defaultConfigurationName = Release;
		};
		6694DE6D2592E7F4007B8269 /* Build configuration list for PBXNativeTarget "Firstproject (iOS)" */ = {
			isa = XCConfigurationList;
			buildConfigurations = (
				6694DE6E2592E7F4007B8269 /* Debug */,
				6694DE6F2592E7F4007B8269 /* Release */,
			);
			defaultConfigurationIsVisible = 0;
			defaultConfigurationName = Release;
		};
		6694DE702592E7F4007B8269 /* Build configuration list for PBXNativeTarget "Firstproject (macOS)" */ = {
			isa = XCConfigurationList;
			buildConfigurations = (
				6694DE712592E7F4007B8269 /* Debug */,
				6694DE722592E7F4007B8269 /* Release */,
			);
			defaultConfigurationIsVisible = 0;
			defaultConfigurationName = Release;
		};
		6694DE732592E7F4007B8269 /* Build configuration list for PBXNativeTarget "Tests iOS" */ = {
			isa = XCConfigurationList;
			buildConfigurations = (
				6694DE742592E7F4007B8269 /* Debug */,
				6694DE752592E7F4007B8269 /* Release */,
			);
			defaultConfigurationIsVisible = 0;
			defaultConfigurationName = Release;
		};
		6694DE762592E7F4007B8269 /* Build configuration list for PBXNativeTarget "Tests macOS" */ = {
			isa = XCConfigurationList;
			buildConfigurations = (
				6694DE772592E7F4007B8269 /* Debug */,
				6694DE782592E7F4007B8269 /* Release */,
			);
			defaultConfigurationIsVisible = 0;
			defaultConfigurationName = Release;
		};
/* End XCConfigurationList section */
	};
	rootObject = 6694DE372592E7F3007B8269 /* Project object */;
}
