// !$*UTF8*$!
{
	archiveVersion = 1;
	classes = {
	};
	objectVersion = 50;
	objects = {

/* Begin PBXBuildFile section */
		66EDC71C259993900092F06E /* AppDelegate.swift in Sources */ = {isa = PBXBuildFile; fileRef = 66EDC71B259993900092F06E /* AppDelegate.swift */; };
		66EDC71E259993900092F06E /* SceneDelegate.swift in Sources */ = {isa = PBXBuildFile; fileRef = 66EDC71D259993900092F06E /* SceneDelegate.swift */; };
		66EDC720259993900092F06E /* ViewController.swift in Sources */ = {isa = PBXBuildFile; fileRef = 66EDC71F259993900092F06E /* ViewController.swift */; };
		66EDC723259993900092F06E /* Main.storyboard in Resources */ = {isa = PBXBuildFile; fileRef = 66EDC721259993900092F06E /* Main.storyboard */; };
		66EDC725259993910092F06E /* Assets.xcassets in Resources */ = {isa = PBXBuildFile; fileRef = 66EDC724259993910092F06E /* Assets.xcassets */; };
		66EDC728259993910092F06E /* LaunchScreen.storyboard in Resources */ = {isa = PBXBuildFile; fileRef = 66EDC726259993910092F06E /* LaunchScreen.storyboard */; };
		66EDC733259993910092F06E /* I_AM_RichTests.swift in Sources */ = {isa = PBXBuildFile; fileRef = 66EDC732259993910092F06E /* I_AM_RichTests.swift */; };
		66EDC73E259993910092F06E /* I_AM_RichUITests.swift in Sources */ = {isa = PBXBuildFile; fileRef = 66EDC73D259993910092F06E /* I_AM_RichUITests.swift */; };
/* End PBXBuildFile section */

/* Begin PBXContainerItemProxy section */
		66EDC72F259993910092F06E /* PBXContainerItemProxy */ = {
			isa = PBXContainerItemProxy;
			containerPortal = 66EDC710259993900092F06E /* Project object */;
			proxyType = 1;
			remoteGlobalIDString = 66EDC717259993900092F06E;
			remoteInfo = "I AM Rich";
		};
		66EDC73A259993910092F06E /* PBXContainerItemProxy */ = {
			isa = PBXContainerItemProxy;
			containerPortal = 66EDC710259993900092F06E /* Project object */;
			proxyType = 1;
			remoteGlobalIDString = 66EDC717259993900092F06E;
			remoteInfo = "I AM Rich";
		};
/* End PBXContainerItemProxy section */

/* Begin PBXFileReference section */
		66EDC718259993900092F06E /* I AM Rich.app */ = {isa = PBXFileReference; explicitFileType = wrapper.application; includeInIndex = 0; path = "I AM Rich.app"; sourceTree = BUILT_PRODUCTS_DIR; };
		66EDC71B259993900092F06E /* AppDelegate.swift */ = {isa = PBXFileReference; lastKnownFileType = sourcecode.swift; path = AppDelegate.swift; sourceTree = "<group>"; };
		66EDC71D259993900092F06E /* SceneDelegate.swift */ = {isa = PBXFileReference; lastKnownFileType = sourcecode.swift; path = SceneDelegate.swift; sourceTree = "<group>"; };
		66EDC71F259993900092F06E /* ViewController.swift */ = {isa = PBXFileReference; lastKnownFileType = sourcecode.swift; path = ViewController.swift; sourceTree = "<group>"; };
		66EDC722259993900092F06E /* Base */ = {isa = PBXFileReference; lastKnownFileType = file.storyboard; name = Base; path = Base.lproj/Main.storyboard; sourceTree = "<group>"; };
		66EDC724259993910092F06E /* Assets.xcassets */ = {isa = PBXFileReference; lastKnownFileType = folder.assetcatalog; path = Assets.xcassets; sourceTree = "<group>"; };
		66EDC727259993910092F06E /* Base */ = {isa = PBXFileReference; lastKnownFileType = file.storyboard; name = Base; path = Base.lproj/LaunchScreen.storyboard; sourceTree = "<group>"; };
		66EDC729259993910092F06E /* Info.plist */ = {isa = PBXFileReference; lastKnownFileType = text.plist.xml; path = Info.plist; sourceTree = "<group>"; };
		66EDC72E259993910092F06E /* I AM RichTests.xctest */ = {isa = PBXFileReference; explicitFileType = wrapper.cfbundle; includeInIndex = 0; path = "I AM RichTests.xctest"; sourceTree = BUILT_PRODUCTS_DIR; };
		66EDC732259993910092F06E /* I_AM_RichTests.swift */ = {isa = PBXFileReference; lastKnownFileType = sourcecode.swift; path = I_AM_RichTests.swift; sourceTree = "<group>"; };
		66EDC734259993910092F06E /* Info.plist */ = {isa = PBXFileReference; lastKnownFileType = text.plist.xml; path = Info.plist; sourceTree = "<group>"; };
		66EDC739259993910092F06E /* I AM RichUITests.xctest */ = {isa = PBXFileReference; explicitFileType = wrapper.cfbundle; includeInIndex = 0; path = "I AM RichUITests.xctest"; sourceTree = BUILT_PRODUCTS_DIR; };
		66EDC73D259993910092F06E /* I_AM_RichUITests.swift */ = {isa = PBXFileReference; lastKnownFileType = sourcecode.swift; path = I_AM_RichUITests.swift; sourceTree = "<group>"; };
		66EDC73F259993910092F06E /* Info.plist */ = {isa = PBXFileReference; lastKnownFileType = text.plist.xml; path = Info.plist; sourceTree = "<group>"; };
/* End PBXFileReference section */

/* Begin PBXFrameworksBuildPhase section */
		66EDC715259993900092F06E /* Frameworks */ = {
			isa = PBXFrameworksBuildPhase;
			buildActionMask = 2147483647;
			files = (
			);
			runOnlyForDeploymentPostprocessing = 0;
		};
		66EDC72B259993910092F06E /* Frameworks */ = {
			isa = PBXFrameworksBuildPhase;
			buildActionMask = 2147483647;
			files = (
			);
			runOnlyForDeploymentPostprocessing = 0;
		};
		66EDC736259993910092F06E /* Frameworks */ = {
			isa = PBXFrameworksBuildPhase;
			buildActionMask = 2147483647;
			files = (
			);
			runOnlyForDeploymentPostprocessing = 0;
		};
/* End PBXFrameworksBuildPhase section */

/* Begin PBXGroup section */
		66EDC70F259993900092F06E = {
			isa = PBXGroup;
			children = (
				66EDC71A259993900092F06E /* I AM Rich */,
				66EDC731259993910092F06E /* I AM RichTests */,
				66EDC73C259993910092F06E /* I AM RichUITests */,
				66EDC719259993900092F06E /* Products */,
			);
			sourceTree = "<group>";
		};
		66EDC719259993900092F06E /* Products */ = {
			isa = PBXGroup;
			children = (
				66EDC718259993900092F06E /* I AM Rich.app */,
				66EDC72E259993910092F06E /* I AM RichTests.xctest */,
				66EDC739259993910092F06E /* I AM RichUITests.xctest */,
			);
			name = Products;
			sourceTree = "<group>";
		};
		66EDC71A259993900092F06E /* I AM Rich */ = {
			isa = PBXGroup;
			children = (
				66EDC71B259993900092F06E /* AppDelegate.swift */,
				66EDC71D259993900092F06E /* SceneDelegate.swift */,
				66EDC71F259993900092F06E /* ViewController.swift */,
				66EDC721259993900092F06E /* Main.storyboard */,
				66EDC724259993910092F06E /* Assets.xcassets */,
				66EDC726259993910092F06E /* LaunchScreen.storyboard */,
				66EDC729259993910092F06E /* Info.plist */,
			);
			path = "I AM Rich";
			sourceTree = "<group>";
		};
		66EDC731259993910092F06E /* I AM RichTests */ = {
			isa = PBXGroup;
			children = (
				66EDC732259993910092F06E /* I_AM_RichTests.swift */,
				66EDC734259993910092F06E /* Info.plist */,
			);
			path = "I AM RichTests";
			sourceTree = "<group>";
		};
		66EDC73C259993910092F06E /* I AM RichUITests */ = {
			isa = PBXGroup;
			children = (
				66EDC73D259993910092F06E /* I_AM_RichUITests.swift */,
				66EDC73F259993910092F06E /* Info.plist */,
			);
			path = "I AM RichUITests";
			sourceTree = "<group>";
		};
/* End PBXGroup section */

/* Begin PBXNativeTarget section */
		66EDC717259993900092F06E /* I AM Rich */ = {
			isa = PBXNativeTarget;
			buildConfigurationList = 66EDC742259993910092F06E /* Build configuration list for PBXNativeTarget "I AM Rich" */;
			buildPhases = (
				66EDC714259993900092F06E /* Sources */,
				66EDC715259993900092F06E /* Frameworks */,
				66EDC716259993900092F06E /* Resources */,
			);
			buildRules = (
			);
			dependencies = (
			);
			name = "I AM Rich";
			productName = "I AM Rich";
			productReference = 66EDC718259993900092F06E /* I AM Rich.app */;
			productType = "com.apple.product-type.application";
		};
		66EDC72D259993910092F06E /* I AM RichTests */ = {
			isa = PBXNativeTarget;
			buildConfigurationList = 66EDC745259993910092F06E /* Build configuration list for PBXNativeTarget "I AM RichTests" */;
			buildPhases = (
				66EDC72A259993910092F06E /* Sources */,
				66EDC72B259993910092F06E /* Frameworks */,
				66EDC72C259993910092F06E /* Resources */,
			);
			buildRules = (
			);
			dependencies = (
				66EDC730259993910092F06E /* PBXTargetDependency */,
			);
			name = "I AM RichTests";
			productName = "I AM RichTests";
			productReference = 66EDC72E259993910092F06E /* I AM RichTests.xctest */;
			productType = "com.apple.product-type.bundle.unit-test";
		};
		66EDC738259993910092F06E /* I AM RichUITests */ = {
			isa = PBXNativeTarget;
			buildConfigurationList = 66EDC748259993910092F06E /* Build configuration list for PBXNativeTarget "I AM RichUITests" */;
			buildPhases = (
				66EDC735259993910092F06E /* Sources */,
				66EDC736259993910092F06E /* Frameworks */,
				66EDC737259993910092F06E /* Resources */,
			);
			buildRules = (
			);
			dependencies = (
				66EDC73B259993910092F06E /* PBXTargetDependency */,
			);
			name = "I AM RichUITests";
			productName = "I AM RichUITests";
			productReference = 66EDC739259993910092F06E /* I AM RichUITests.xctest */;
			productType = "com.apple.product-type.bundle.ui-testing";
		};
/* End PBXNativeTarget section */

/* Begin PBXProject section */
		66EDC710259993900092F06E /* Project object */ = {
			isa = PBXProject;
			attributes = {
				LastSwiftUpdateCheck = 1230;
				LastUpgradeCheck = 1230;
				TargetAttributes = {
					66EDC717259993900092F06E = {
						CreatedOnToolsVersion = 12.3;
					};
					66EDC72D259993910092F06E = {
						CreatedOnToolsVersion = 12.3;
						TestTargetID = 66EDC717259993900092F06E;
					};
					66EDC738259993910092F06E = {
						CreatedOnToolsVersion = 12.3;
						TestTargetID = 66EDC717259993900092F06E;
					};
				};
			};
			buildConfigurationList = 66EDC713259993900092F06E /* Build configuration list for PBXProject "I AM Rich" */;
			compatibilityVersion = "Xcode 9.3";
			developmentRegion = en;
			hasScannedForEncodings = 0;
			knownRegions = (
				en,
				Base,
			);
			mainGroup = 66EDC70F259993900092F06E;
			productRefGroup = 66EDC719259993900092F06E /* Products */;
			projectDirPath = "";
			projectRoot = "";
			targets = (
				66EDC717259993900092F06E /* I AM Rich */,
				66EDC72D259993910092F06E /* I AM RichTests */,
				66EDC738259993910092F06E /* I AM RichUITests */,
			);
		};
/* End PBXProject section */

/* Begin PBXResourcesBuildPhase section */
		66EDC716259993900092F06E /* Resources */ = {
			isa = PBXResourcesBuildPhase;
			buildActionMask = 2147483647;
			files = (
				66EDC728259993910092F06E /* LaunchScreen.storyboard in Resources */,
				66EDC725259993910092F06E /* Assets.xcassets in Resources */,
				66EDC723259993900092F06E /* Main.storyboard in Resources */,
			);
			runOnlyForDeploymentPostprocessing = 0;
		};
		66EDC72C259993910092F06E /* Resources */ = {
			isa = PBXResourcesBuildPhase;
			buildActionMask = 2147483647;
			files = (
			);
			runOnlyForDeploymentPostprocessing = 0;
		};
		66EDC737259993910092F06E /* Resources */ = {
			isa = PBXResourcesBuildPhase;
			buildActionMask = 2147483647;
			files = (
			);
			runOnlyForDeploymentPostprocessing = 0;
		};
/* End PBXResourcesBuildPhase section */

/* Begin PBXSourcesBuildPhase section */
		66EDC714259993900092F06E /* Sources */ = {
			isa = PBXSourcesBuildPhase;
			buildActionMask = 2147483647;
			files = (
				66EDC720259993900092F06E /* ViewController.swift in Sources */,
				66EDC71C259993900092F06E /* AppDelegate.swift in Sources */,
				66EDC71E259993900092F06E /* SceneDelegate.swift in Sources */,
			);
			runOnlyForDeploymentPostprocessing = 0;
		};
		66EDC72A259993910092F06E /* Sources */ = {
			isa = PBXSourcesBuildPhase;
			buildActionMask = 2147483647;
			files = (
				66EDC733259993910092F06E /* I_AM_RichTests.swift in Sources */,
			);
			runOnlyForDeploymentPostprocessing = 0;
		};
		66EDC735259993910092F06E /* Sources */ = {
			isa = PBXSourcesBuildPhase;
			buildActionMask = 2147483647;
			files = (
				66EDC73E259993910092F06E /* I_AM_RichUITests.swift in Sources */,
			);
			runOnlyForDeploymentPostprocessing = 0;
		};
/* End PBXSourcesBuildPhase section */

/* Begin PBXTargetDependency section */
		66EDC730259993910092F06E /* PBXTargetDependency */ = {
			isa = PBXTargetDependency;
			target = 66EDC717259993900092F06E /* I AM Rich */;
			targetProxy = 66EDC72F259993910092F06E /* PBXContainerItemProxy */;
		};
		66EDC73B259993910092F06E /* PBXTargetDependency */ = {
			isa = PBXTargetDependency;
			target = 66EDC717259993900092F06E /* I AM Rich */;
			targetProxy = 66EDC73A259993910092F06E /* PBXContainerItemProxy */;
		};
/* End PBXTargetDependency section */

/* Begin PBXVariantGroup section */
		66EDC721259993900092F06E /* Main.storyboard */ = {
			isa = PBXVariantGroup;
			children = (
				66EDC722259993900092F06E /* Base */,
			);
			name = Main.storyboard;
			sourceTree = "<group>";
		};
		66EDC726259993910092F06E /* LaunchScreen.storyboard */ = {
			isa = PBXVariantGroup;
			children = (
				66EDC727259993910092F06E /* Base */,
			);
			name = LaunchScreen.storyboard;
			sourceTree = "<group>";
		};
/* End PBXVariantGroup section */

/* Begin XCBuildConfiguration section */
		66EDC740259993910092F06E /* Debug */ = {
			isa = XCBuildConfiguration;
			buildSettings = {
				ALWAYS_SEARCH_USER_PATHS = NO;
				CLANG_ANALYZER_NONNULL = YES;
				CLANG_ANALYZER_NUMBER_OBJECT_CONVERSION = YES_AGGRESSIVE;
				CLANG_CXX_LANGUAGE_STANDARD = "gnu++14";
				CLANG_CXX_LIBRARY = "libc++";
				CLANG_ENABLE_MODULES = YES;
				CLANG_ENABLE_OBJC_ARC = YES;
				CLANG_ENABLE_OBJC_WEAK = YES;
				CLANG_WARN_BLOCK_CAPTURE_AUTORELEASING = YES;
				CLANG_WARN_BOOL_CONVERSION = YES;
				CLANG_WARN_COMMA = YES;
				CLANG_WARN_CONSTANT_CONVERSION = YES;
				CLANG_WARN_DEPRECATED_OBJC_IMPLEMENTATIONS = YES;
				CLANG_WARN_DIRECT_OBJC_ISA_USAGE = YES_ERROR;
				CLANG_WARN_DOCUMENTATION_COMMENTS = YES;
				CLANG_WARN_EMPTY_BODY = YES;
				CLANG_WARN_ENUM_CONVERSION = YES;
				CLANG_WARN_INFINITE_RECURSION = YES;
				CLANG_WARN_INT_CONVERSION = YES;
				CLANG_WARN_NON_LITERAL_NULL_CONVERSION = YES;
				CLANG_WARN_OBJC_IMPLICIT_RETAIN_SELF = YES;
				CLANG_WARN_OBJC_LITERAL_CONVERSION = YES;
				CLANG_WARN_OBJC_ROOT_CLASS = YES_ERROR;
				CLANG_WARN_QUOTED_INCLUDE_IN_FRAMEWORK_HEADER = YES;
				CLANG_WARN_RANGE_LOOP_ANALYSIS = YES;
				CLANG_WARN_STRICT_PROTOTYPES = YES;
				CLANG_WARN_SUSPICIOUS_MOVE = YES;
				CLANG_WARN_UNGUARDED_AVAILABILITY = YES_AGGRESSIVE;
				CLANG_WARN_UNREACHABLE_CODE = YES;
				CLANG_WARN__DUPLICATE_METHOD_MATCH = YES;
				COPY_PHASE_STRIP = NO;
				DEBUG_INFORMATION_FORMAT = dwarf;
				ENABLE_STRICT_OBJC_MSGSEND = YES;
				ENABLE_TESTABILITY = YES;
				GCC_C_LANGUAGE_STANDARD = gnu11;
				GCC_DYNAMIC_NO_PIC = NO;
				GCC_NO_COMMON_BLOCKS = YES;
				GCC_OPTIMIZATION_LEVEL = 0;
				GCC_PREPROCESSOR_DEFINITIONS = (
					"DEBUG=1",
					"$(inherited)",
				);
				GCC_WARN_64_TO_32_BIT_CONVERSION = YES;
				GCC_WARN_ABOUT_RETURN_TYPE = YES_ERROR;
				GCC_WARN_UNDECLARED_SELECTOR = YES;
				GCC_WARN_UNINITIALIZED_AUTOS = YES_AGGRESSIVE;
				GCC_WARN_UNUSED_FUNCTION = YES;
				GCC_WARN_UNUSED_VARIABLE = YES;
				IPHONEOS_DEPLOYMENT_TARGET = 14.3;
				MTL_ENABLE_DEBUG_INFO = INCLUDE_SOURCE;
				MTL_FAST_MATH = YES;
				ONLY_ACTIVE_ARCH = YES;
				SDKROOT = iphoneos;
				SWIFT_ACTIVE_COMPILATION_CONDITIONS = DEBUG;
				SWIFT_OPTIMIZATION_LEVEL = "-Onone";
			};
			name = Debug;
		};
		66EDC741259993910092F06E /* Release */ = {
			isa = XCBuildConfiguration;
			buildSettings = {
				ALWAYS_SEARCH_USER_PATHS = NO;
				CLANG_ANALYZER_NONNULL = YES;
				CLANG_ANALYZER_NUMBER_OBJECT_CONVERSION = YES_AGGRESSIVE;
				CLANG_CXX_LANGUAGE_STANDARD = "gnu++14";
				CLANG_CXX_LIBRARY = "libc++";
				CLANG_ENABLE_MODULES = YES;
				CLANG_ENABLE_OBJC_ARC = YES;
				CLANG_ENABLE_OBJC_WEAK = YES;
				CLANG_WARN_BLOCK_CAPTURE_AUTORELEASING = YES;
				CLANG_WARN_BOOL_CONVERSION = YES;
				CLANG_WARN_COMMA = YES;
				CLANG_WARN_CONSTANT_CONVERSION = YES;
				CLANG_WARN_DEPRECATED_OBJC_IMPLEMENTATIONS = YES;
				CLANG_WARN_DIRECT_OBJC_ISA_USAGE = YES_ERROR;
				CLANG_WARN_DOCUMENTATION_COMMENTS = YES;
				CLANG_WARN_EMPTY_BODY = YES;
				CLANG_WARN_ENUM_CONVERSION = YES;
				CLANG_WARN_INFINITE_RECURSION = YES;
				CLANG_WARN_INT_CONVERSION = YES;
				CLANG_WARN_NON_LITERAL_NULL_CONVERSION = YES;
				CLANG_WARN_OBJC_IMPLICIT_RETAIN_SELF = YES;
				CLANG_WARN_OBJC_LITERAL_CONVERSION = YES;
				CLANG_WARN_OBJC_ROOT_CLASS = YES_ERROR;
				CLANG_WARN_QUOTED_INCLUDE_IN_FRAMEWORK_HEADER = YES;
				CLANG_WARN_RANGE_LOOP_ANALYSIS = YES;
				CLANG_WARN_STRICT_PROTOTYPES = YES;
				CLANG_WARN_SUSPICIOUS_MOVE = YES;
				CLANG_WARN_UNGUARDED_AVAILABILITY = YES_AGGRESSIVE;
				CLANG_WARN_UNREACHABLE_CODE = YES;
				CLANG_WARN__DUPLICATE_METHOD_MATCH = YES;
				COPY_PHASE_STRIP = NO;
				DEBUG_INFORMATION_FORMAT = "dwarf-with-dsym";
				ENABLE_NS_ASSERTIONS = NO;
				ENABLE_STRICT_OBJC_MSGSEND = YES;
				GCC_C_LANGUAGE_STANDARD = gnu11;
				GCC_NO_COMMON_BLOCKS = YES;
				GCC_WARN_64_TO_32_BIT_CONVERSION = YES;
				GCC_WARN_ABOUT_RETURN_TYPE = YES_ERROR;
				GCC_WARN_UNDECLARED_SELECTOR = YES;
				GCC_WARN_UNINITIALIZED_AUTOS = YES_AGGRESSIVE;
				GCC_WARN_UNUSED_FUNCTION = YES;
				GCC_WARN_UNUSED_VARIABLE = YES;
				IPHONEOS_DEPLOYMENT_TARGET = 14.3;
				MTL_ENABLE_DEBUG_INFO = NO;
				MTL_FAST_MATH = YES;
				SDKROOT = iphoneos;
				SWIFT_COMPILATION_MODE = wholemodule;
				SWIFT_OPTIMIZATION_LEVEL = "-O";
				VALIDATE_PRODUCT = YES;
			};
			name = Release;
		};
		66EDC743259993910092F06E /* Debug */ = {
			isa = XCBuildConfiguration;
			buildSettings = {
				ASSETCATALOG_COMPILER_APPICON_NAME = AppIcon;
				ASSETCATALOG_COMPILER_GLOBAL_ACCENT_COLOR_NAME = AccentColor;
				CODE_SIGN_STYLE = Automatic;
				INFOPLIST_FILE = "I AM Rich/Info.plist";
				IPHONEOS_DEPLOYMENT_TARGET = 13.1;
				LD_RUNPATH_SEARCH_PATHS = (
					"$(inherited)",
					"@executable_path/Frameworks",
				);
				PRODUCT_BUNDLE_IDENTIFIER = "dyco.I-AM-Rich";
				PRODUCT_NAME = "$(TARGET_NAME)";
				SWIFT_VERSION = 5.0;
				TARGETED_DEVICE_FAMILY = "1,2";
			};
			name = Debug;
		};
		66EDC744259993910092F06E /* Release */ = {
			isa = XCBuildConfiguration;
			buildSettings = {
				ASSETCATALOG_COMPILER_APPICON_NAME = AppIcon;
				ASSETCATALOG_COMPILER_GLOBAL_ACCENT_COLOR_NAME = AccentColor;
				CODE_SIGN_STYLE = Automatic;
				INFOPLIST_FILE = "I AM Rich/Info.plist";
				IPHONEOS_DEPLOYMENT_TARGET = 13.1;
				LD_RUNPATH_SEARCH_PATHS = (
					"$(inherited)",
					"@executable_path/Frameworks",
				);
				PRODUCT_BUNDLE_IDENTIFIER = "dyco.I-AM-Rich";
				PRODUCT_NAME = "$(TARGET_NAME)";
				SWIFT_VERSION = 5.0;
				TARGETED_DEVICE_FAMILY = "1,2";
			};
			name = Release;
		};
		66EDC746259993910092F06E /* Debug */ = {
			isa = XCBuildConfiguration;
			buildSettings = {
				ALWAYS_EMBED_SWIFT_STANDARD_LIBRARIES = YES;
				BUNDLE_LOADER = "$(TEST_HOST)";
				CODE_SIGN_STYLE = Automatic;
				INFOPLIST_FILE = "I AM RichTests/Info.plist";
				IPHONEOS_DEPLOYMENT_TARGET = 14.3;
				LD_RUNPATH_SEARCH_PATHS = (
					"$(inherited)",
					"@executable_path/Frameworks",
					"@loader_path/Frameworks",
				);
				PRODUCT_BUNDLE_IDENTIFIER = "dyco.I-AM-RichTests";
				PRODUCT_NAME = "$(TARGET_NAME)";
				SWIFT_VERSION = 5.0;
				TARGETED_DEVICE_FAMILY = "1,2";
				TEST_HOST = "$(BUILT_PRODUCTS_DIR)/I AM Rich.app/I AM Rich";
			};
			name = Debug;
		};
		66EDC747259993910092F06E /* Release */ = {
			isa = XCBuildConfiguration;
			buildSettings = {
				ALWAYS_EMBED_SWIFT_STANDARD_LIBRARIES = YES;
				BUNDLE_LOADER = "$(TEST_HOST)";
				CODE_SIGN_STYLE = Automatic;
				INFOPLIST_FILE = "I AM RichTests/Info.plist";
				IPHONEOS_DEPLOYMENT_TARGET = 14.3;
				LD_RUNPATH_SEARCH_PATHS = (
					"$(inherited)",
					"@executable_path/Frameworks",
					"@loader_path/Frameworks",
				);
				PRODUCT_BUNDLE_IDENTIFIER = "dyco.I-AM-RichTests";
				PRODUCT_NAME = "$(TARGET_NAME)";
				SWIFT_VERSION = 5.0;
				TARGETED_DEVICE_FAMILY = "1,2";
				TEST_HOST = "$(BUILT_PRODUCTS_DIR)/I AM Rich.app/I AM Rich";
			};
			name = Release;
		};
		66EDC749259993910092F06E /* Debug */ = {
			isa = XCBuildConfiguration;
			buildSettings = {
				ALWAYS_EMBED_SWIFT_STANDARD_LIBRARIES = YES;
				CODE_SIGN_STYLE = Automatic;
				INFOPLIST_FILE = "I AM RichUITests/Info.plist";
				LD_RUNPATH_SEARCH_PATHS = (
					"$(inherited)",
					"@executable_path/Frameworks",
					"@loader_path/Frameworks",
				);
				PRODUCT_BUNDLE_IDENTIFIER = "dyco.I-AM-RichUITests";
				PRODUCT_NAME = "$(TARGET_NAME)";
				SWIFT_VERSION = 5.0;
				TARGETED_DEVICE_FAMILY = "1,2";
				TEST_TARGET_NAME = "I AM Rich";
			};
			name = Debug;
		};
		66EDC74A259993910092F06E /* Release */ = {
			isa = XCBuildConfiguration;
			buildSettings = {
				ALWAYS_EMBED_SWIFT_STANDARD_LIBRARIES = YES;
				CODE_SIGN_STYLE = Automatic;
				INFOPLIST_FILE = "I AM RichUITests/Info.plist";
				LD_RUNPATH_SEARCH_PATHS = (
					"$(inherited)",
					"@executable_path/Frameworks",
					"@loader_path/Frameworks",
				);
				PRODUCT_BUNDLE_IDENTIFIER = "dyco.I-AM-RichUITests";
				PRODUCT_NAME = "$(TARGET_NAME)";
				SWIFT_VERSION = 5.0;
				TARGETED_DEVICE_FAMILY = "1,2";
				TEST_TARGET_NAME = "I AM Rich";
			};
			name = Release;
		};
/* End XCBuildConfiguration section */

/* Begin XCConfigurationList section */
		66EDC713259993900092F06E /* Build configuration list for PBXProject "I AM Rich" */ = {
			isa = XCConfigurationList;
			buildConfigurations = (
				66EDC740259993910092F06E /* Debug */,
				66EDC741259993910092F06E /* Release */,
			);
			defaultConfigurationIsVisible = 0;
			defaultConfigurationName = Release;
		};
		66EDC742259993910092F06E /* Build configuration list for PBXNativeTarget "I AM Rich" */ = {
			isa = XCConfigurationList;
			buildConfigurations = (
				66EDC743259993910092F06E /* Debug */,
				66EDC744259993910092F06E /* Release */,
			);
			defaultConfigurationIsVisible = 0;
			defaultConfigurationName = Release;
		};
		66EDC745259993910092F06E /* Build configuration list for PBXNativeTarget "I AM RichTests" */ = {
			isa = XCConfigurationList;
			buildConfigurations = (
				66EDC746259993910092F06E /* Debug */,
				66EDC747259993910092F06E /* Release */,
			);
			defaultConfigurationIsVisible = 0;
			defaultConfigurationName = Release;
		};
		66EDC748259993910092F06E /* Build configuration list for PBXNativeTarget "I AM RichUITests" */ = {
			isa = XCConfigurationList;
			buildConfigurations = (
				66EDC749259993910092F06E /* Debug */,
				66EDC74A259993910092F06E /* Release */,
			);
			defaultConfigurationIsVisible = 0;
			defaultConfigurationName = Release;
		};
/* End XCConfigurationList section */
	};
	rootObject = 66EDC710259993900092F06E /* Project object */;
}
