// !$*UTF8*$!
{
	archiveVersion = 1;
	classes = {
	};
	objectVersion = 50;
	objects = {

/* Begin PBXBuildFile section */
		3411D97E25E33CE4008E2282 /* Todo_model.swift in Sources */ = {isa = PBXBuildFile; fileRef = 3411D97D25E33CE4008E2282 /* Todo_model.swift */; };
		3411D98625E33EAF008E2282 /* ToDoListTableViewController.swift in Sources */ = {isa = PBXBuildFile; fileRef = 3411D98525E33EAF008E2282 /* ToDoListTableViewController.swift */; };
		3411D98B25E344E2008E2282 /* ComposeViewController.swift in Sources */ = {isa = PBXBuildFile; fileRef = 3411D98A25E344E2008E2282 /* ComposeViewController.swift */; };
		34AAD18F25E2849100E8D3C2 /* AppDelegate.swift in Sources */ = {isa = PBXBuildFile; fileRef = 34AAD18E25E2849100E8D3C2 /* AppDelegate.swift */; };
		34AAD19125E2849100E8D3C2 /* SceneDelegate.swift in Sources */ = {isa = PBXBuildFile; fileRef = 34AAD19025E2849100E8D3C2 /* SceneDelegate.swift */; };
		34AAD19325E2849100E8D3C2 /* ViewController.swift in Sources */ = {isa = PBXBuildFile; fileRef = 34AAD19225E2849100E8D3C2 /* ViewController.swift */; };
		34AAD19625E2849100E8D3C2 /* Main.storyboard in Resources */ = {isa = PBXBuildFile; fileRef = 34AAD19425E2849100E8D3C2 /* Main.storyboard */; };
		34AAD19825E2849200E8D3C2 /* Assets.xcassets in Resources */ = {isa = PBXBuildFile; fileRef = 34AAD19725E2849200E8D3C2 /* Assets.xcassets */; };
		34AAD19B25E2849200E8D3C2 /* LaunchScreen.storyboard in Resources */ = {isa = PBXBuildFile; fileRef = 34AAD19925E2849200E8D3C2 /* LaunchScreen.storyboard */; };
		34AAD1A625E2849200E8D3C2 /* test1Tests.swift in Sources */ = {isa = PBXBuildFile; fileRef = 34AAD1A525E2849200E8D3C2 /* test1Tests.swift */; };
		34AAD1B125E2849200E8D3C2 /* test1UITests.swift in Sources */ = {isa = PBXBuildFile; fileRef = 34AAD1B025E2849200E8D3C2 /* test1UITests.swift */; };
/* End PBXBuildFile section */

/* Begin PBXContainerItemProxy section */
		34AAD1A225E2849200E8D3C2 /* PBXContainerItemProxy */ = {
			isa = PBXContainerItemProxy;
			containerPortal = 34AAD18325E2849100E8D3C2 /* Project object */;
			proxyType = 1;
			remoteGlobalIDString = 34AAD18A25E2849100E8D3C2;
			remoteInfo = test1;
		};
		34AAD1AD25E2849200E8D3C2 /* PBXContainerItemProxy */ = {
			isa = PBXContainerItemProxy;
			containerPortal = 34AAD18325E2849100E8D3C2 /* Project object */;
			proxyType = 1;
			remoteGlobalIDString = 34AAD18A25E2849100E8D3C2;
			remoteInfo = test1;
		};
/* End PBXContainerItemProxy section */

/* Begin PBXFileReference section */
		3411D97D25E33CE4008E2282 /* Todo_model.swift */ = {isa = PBXFileReference; lastKnownFileType = sourcecode.swift; path = Todo_model.swift; sourceTree = "<group>"; };
		3411D98525E33EAF008E2282 /* ToDoListTableViewController.swift */ = {isa = PBXFileReference; lastKnownFileType = sourcecode.swift; path = ToDoListTableViewController.swift; sourceTree = "<group>"; };
		3411D98A25E344E2008E2282 /* ComposeViewController.swift */ = {isa = PBXFileReference; lastKnownFileType = sourcecode.swift; path = ComposeViewController.swift; sourceTree = "<group>"; };
		34AAD18B25E2849100E8D3C2 /* test1.app */ = {isa = PBXFileReference; explicitFileType = wrapper.application; includeInIndex = 0; path = test1.app; sourceTree = BUILT_PRODUCTS_DIR; };
		34AAD18E25E2849100E8D3C2 /* AppDelegate.swift */ = {isa = PBXFileReference; lastKnownFileType = sourcecode.swift; path = AppDelegate.swift; sourceTree = "<group>"; };
		34AAD19025E2849100E8D3C2 /* SceneDelegate.swift */ = {isa = PBXFileReference; lastKnownFileType = sourcecode.swift; path = SceneDelegate.swift; sourceTree = "<group>"; };
		34AAD19225E2849100E8D3C2 /* ViewController.swift */ = {isa = PBXFileReference; lastKnownFileType = sourcecode.swift; path = ViewController.swift; sourceTree = "<group>"; };
		34AAD19525E2849100E8D3C2 /* Base */ = {isa = PBXFileReference; lastKnownFileType = file.storyboard; name = Base; path = Base.lproj/Main.storyboard; sourceTree = "<group>"; };
		34AAD19725E2849200E8D3C2 /* Assets.xcassets */ = {isa = PBXFileReference; lastKnownFileType = folder.assetcatalog; path = Assets.xcassets; sourceTree = "<group>"; };
		34AAD19A25E2849200E8D3C2 /* Base */ = {isa = PBXFileReference; lastKnownFileType = file.storyboard; name = Base; path = Base.lproj/LaunchScreen.storyboard; sourceTree = "<group>"; };
		34AAD19C25E2849200E8D3C2 /* Info.plist */ = {isa = PBXFileReference; lastKnownFileType = text.plist.xml; path = Info.plist; sourceTree = "<group>"; };
		34AAD1A125E2849200E8D3C2 /* test1Tests.xctest */ = {isa = PBXFileReference; explicitFileType = wrapper.cfbundle; includeInIndex = 0; path = test1Tests.xctest; sourceTree = BUILT_PRODUCTS_DIR; };
		34AAD1A525E2849200E8D3C2 /* test1Tests.swift */ = {isa = PBXFileReference; lastKnownFileType = sourcecode.swift; path = test1Tests.swift; sourceTree = "<group>"; };
		34AAD1A725E2849200E8D3C2 /* Info.plist */ = {isa = PBXFileReference; lastKnownFileType = text.plist.xml; path = Info.plist; sourceTree = "<group>"; };
		34AAD1AC25E2849200E8D3C2 /* test1UITests.xctest */ = {isa = PBXFileReference; explicitFileType = wrapper.cfbundle; includeInIndex = 0; path = test1UITests.xctest; sourceTree = BUILT_PRODUCTS_DIR; };
		34AAD1B025E2849200E8D3C2 /* test1UITests.swift */ = {isa = PBXFileReference; lastKnownFileType = sourcecode.swift; path = test1UITests.swift; sourceTree = "<group>"; };
		34AAD1B225E2849200E8D3C2 /* Info.plist */ = {isa = PBXFileReference; lastKnownFileType = text.plist.xml; path = Info.plist; sourceTree = "<group>"; };
/* End PBXFileReference section */

/* Begin PBXFrameworksBuildPhase section */
		34AAD18825E2849100E8D3C2 /* Frameworks */ = {
			isa = PBXFrameworksBuildPhase;
			buildActionMask = 2147483647;
			files = (
			);
			runOnlyForDeploymentPostprocessing = 0;
		};
		34AAD19E25E2849200E8D3C2 /* Frameworks */ = {
			isa = PBXFrameworksBuildPhase;
			buildActionMask = 2147483647;
			files = (
			);
			runOnlyForDeploymentPostprocessing = 0;
		};
		34AAD1A925E2849200E8D3C2 /* Frameworks */ = {
			isa = PBXFrameworksBuildPhase;
			buildActionMask = 2147483647;
			files = (
			);
			runOnlyForDeploymentPostprocessing = 0;
		};
/* End PBXFrameworksBuildPhase section */

/* Begin PBXGroup section */
		3411D97C25E33CCA008E2282 /* Model */ = {
			isa = PBXGroup;
			children = (
				3411D97D25E33CE4008E2282 /* Todo_model.swift */,
			);
			path = Model;
			sourceTree = "<group>";
		};
		34AAD18225E2849100E8D3C2 = {
			isa = PBXGroup;
			children = (
				34AAD18D25E2849100E8D3C2 /* test1 */,
				34AAD1A425E2849200E8D3C2 /* test1Tests */,
				34AAD1AF25E2849200E8D3C2 /* test1UITests */,
				34AAD18C25E2849100E8D3C2 /* Products */,
			);
			sourceTree = "<group>";
		};
		34AAD18C25E2849100E8D3C2 /* Products */ = {
			isa = PBXGroup;
			children = (
				34AAD18B25E2849100E8D3C2 /* test1.app */,
				34AAD1A125E2849200E8D3C2 /* test1Tests.xctest */,
				34AAD1AC25E2849200E8D3C2 /* test1UITests.xctest */,
			);
			name = Products;
			sourceTree = "<group>";
		};
		34AAD18D25E2849100E8D3C2 /* test1 */ = {
			isa = PBXGroup;
			children = (
				3411D97C25E33CCA008E2282 /* Model */,
				34AAD18E25E2849100E8D3C2 /* AppDelegate.swift */,
				34AAD19025E2849100E8D3C2 /* SceneDelegate.swift */,
				34AAD19225E2849100E8D3C2 /* ViewController.swift */,
				34AAD19425E2849100E8D3C2 /* Main.storyboard */,
				34AAD19725E2849200E8D3C2 /* Assets.xcassets */,
				34AAD19925E2849200E8D3C2 /* LaunchScreen.storyboard */,
				34AAD19C25E2849200E8D3C2 /* Info.plist */,
				3411D98525E33EAF008E2282 /* ToDoListTableViewController.swift */,
				3411D98A25E344E2008E2282 /* ComposeViewController.swift */,
			);
			path = test1;
			sourceTree = "<group>";
		};
		34AAD1A425E2849200E8D3C2 /* test1Tests */ = {
			isa = PBXGroup;
			children = (
				34AAD1A525E2849200E8D3C2 /* test1Tests.swift */,
				34AAD1A725E2849200E8D3C2 /* Info.plist */,
			);
			path = test1Tests;
			sourceTree = "<group>";
		};
		34AAD1AF25E2849200E8D3C2 /* test1UITests */ = {
			isa = PBXGroup;
			children = (
				34AAD1B025E2849200E8D3C2 /* test1UITests.swift */,
				34AAD1B225E2849200E8D3C2 /* Info.plist */,
			);
			path = test1UITests;
			sourceTree = "<group>";
		};
/* End PBXGroup section */

/* Begin PBXNativeTarget section */
		34AAD18A25E2849100E8D3C2 /* test1 */ = {
			isa = PBXNativeTarget;
			buildConfigurationList = 34AAD1B525E2849200E8D3C2 /* Build configuration list for PBXNativeTarget "test1" */;
			buildPhases = (
				34AAD18725E2849100E8D3C2 /* Sources */,
				34AAD18825E2849100E8D3C2 /* Frameworks */,
				34AAD18925E2849100E8D3C2 /* Resources */,
			);
			buildRules = (
			);
			dependencies = (
			);
			name = test1;
			productName = test1;
			productReference = 34AAD18B25E2849100E8D3C2 /* test1.app */;
			productType = "com.apple.product-type.application";
		};
		34AAD1A025E2849200E8D3C2 /* test1Tests */ = {
			isa = PBXNativeTarget;
			buildConfigurationList = 34AAD1B825E2849200E8D3C2 /* Build configuration list for PBXNativeTarget "test1Tests" */;
			buildPhases = (
				34AAD19D25E2849200E8D3C2 /* Sources */,
				34AAD19E25E2849200E8D3C2 /* Frameworks */,
				34AAD19F25E2849200E8D3C2 /* Resources */,
			);
			buildRules = (
			);
			dependencies = (
				34AAD1A325E2849200E8D3C2 /* PBXTargetDependency */,
			);
			name = test1Tests;
			productName = test1Tests;
			productReference = 34AAD1A125E2849200E8D3C2 /* test1Tests.xctest */;
			productType = "com.apple.product-type.bundle.unit-test";
		};
		34AAD1AB25E2849200E8D3C2 /* test1UITests */ = {
			isa = PBXNativeTarget;
			buildConfigurationList = 34AAD1BB25E2849200E8D3C2 /* Build configuration list for PBXNativeTarget "test1UITests" */;
			buildPhases = (
				34AAD1A825E2849200E8D3C2 /* Sources */,
				34AAD1A925E2849200E8D3C2 /* Frameworks */,
				34AAD1AA25E2849200E8D3C2 /* Resources */,
			);
			buildRules = (
			);
			dependencies = (
				34AAD1AE25E2849200E8D3C2 /* PBXTargetDependency */,
			);
			name = test1UITests;
			productName = test1UITests;
			productReference = 34AAD1AC25E2849200E8D3C2 /* test1UITests.xctest */;
			productType = "com.apple.product-type.bundle.ui-testing";
		};
/* End PBXNativeTarget section */

/* Begin PBXProject section */
		34AAD18325E2849100E8D3C2 /* Project object */ = {
			isa = PBXProject;
			attributes = {
				LastSwiftUpdateCheck = 1240;
				LastUpgradeCheck = 1240;
				TargetAttributes = {
					34AAD18A25E2849100E8D3C2 = {
						CreatedOnToolsVersion = 12.4;
					};
					34AAD1A025E2849200E8D3C2 = {
						CreatedOnToolsVersion = 12.4;
						TestTargetID = 34AAD18A25E2849100E8D3C2;
					};
					34AAD1AB25E2849200E8D3C2 = {
						CreatedOnToolsVersion = 12.4;
						TestTargetID = 34AAD18A25E2849100E8D3C2;
					};
				};
			};
			buildConfigurationList = 34AAD18625E2849100E8D3C2 /* Build configuration list for PBXProject "test1" */;
			compatibilityVersion = "Xcode 9.3";
			developmentRegion = en;
			hasScannedForEncodings = 0;
			knownRegions = (
				en,
				Base,
			);
			mainGroup = 34AAD18225E2849100E8D3C2;
			productRefGroup = 34AAD18C25E2849100E8D3C2 /* Products */;
			projectDirPath = "";
			projectRoot = "";
			targets = (
				34AAD18A25E2849100E8D3C2 /* test1 */,
				34AAD1A025E2849200E8D3C2 /* test1Tests */,
				34AAD1AB25E2849200E8D3C2 /* test1UITests */,
			);
		};
/* End PBXProject section */

/* Begin PBXResourcesBuildPhase section */
		34AAD18925E2849100E8D3C2 /* Resources */ = {
			isa = PBXResourcesBuildPhase;
			buildActionMask = 2147483647;
			files = (
				34AAD19B25E2849200E8D3C2 /* LaunchScreen.storyboard in Resources */,
				34AAD19825E2849200E8D3C2 /* Assets.xcassets in Resources */,
				34AAD19625E2849100E8D3C2 /* Main.storyboard in Resources */,
			);
			runOnlyForDeploymentPostprocessing = 0;
		};
		34AAD19F25E2849200E8D3C2 /* Resources */ = {
			isa = PBXResourcesBuildPhase;
			buildActionMask = 2147483647;
			files = (
			);
			runOnlyForDeploymentPostprocessing = 0;
		};
		34AAD1AA25E2849200E8D3C2 /* Resources */ = {
			isa = PBXResourcesBuildPhase;
			buildActionMask = 2147483647;
			files = (
			);
			runOnlyForDeploymentPostprocessing = 0;
		};
/* End PBXResourcesBuildPhase section */

/* Begin PBXSourcesBuildPhase section */
		34AAD18725E2849100E8D3C2 /* Sources */ = {
			isa = PBXSourcesBuildPhase;
			buildActionMask = 2147483647;
			files = (
				34AAD19325E2849100E8D3C2 /* ViewController.swift in Sources */,
				3411D98625E33EAF008E2282 /* ToDoListTableViewController.swift in Sources */,
				3411D97E25E33CE4008E2282 /* Todo_model.swift in Sources */,
				3411D98B25E344E2008E2282 /* ComposeViewController.swift in Sources */,
				34AAD18F25E2849100E8D3C2 /* AppDelegate.swift in Sources */,
				34AAD19125E2849100E8D3C2 /* SceneDelegate.swift in Sources */,
			);
			runOnlyForDeploymentPostprocessing = 0;
		};
		34AAD19D25E2849200E8D3C2 /* Sources */ = {
			isa = PBXSourcesBuildPhase;
			buildActionMask = 2147483647;
			files = (
				34AAD1A625E2849200E8D3C2 /* test1Tests.swift in Sources */,
			);
			runOnlyForDeploymentPostprocessing = 0;
		};
		34AAD1A825E2849200E8D3C2 /* Sources */ = {
			isa = PBXSourcesBuildPhase;
			buildActionMask = 2147483647;
			files = (
				34AAD1B125E2849200E8D3C2 /* test1UITests.swift in Sources */,
			);
			runOnlyForDeploymentPostprocessing = 0;
		};
/* End PBXSourcesBuildPhase section */

/* Begin PBXTargetDependency section */
		34AAD1A325E2849200E8D3C2 /* PBXTargetDependency */ = {
			isa = PBXTargetDependency;
			target = 34AAD18A25E2849100E8D3C2 /* test1 */;
			targetProxy = 34AAD1A225E2849200E8D3C2 /* PBXContainerItemProxy */;
		};
		34AAD1AE25E2849200E8D3C2 /* PBXTargetDependency */ = {
			isa = PBXTargetDependency;
			target = 34AAD18A25E2849100E8D3C2 /* test1 */;
			targetProxy = 34AAD1AD25E2849200E8D3C2 /* PBXContainerItemProxy */;
		};
/* End PBXTargetDependency section */

/* Begin PBXVariantGroup section */
		34AAD19425E2849100E8D3C2 /* Main.storyboard */ = {
			isa = PBXVariantGroup;
			children = (
				34AAD19525E2849100E8D3C2 /* Base */,
			);
			name = Main.storyboard;
			sourceTree = "<group>";
		};
		34AAD19925E2849200E8D3C2 /* LaunchScreen.storyboard */ = {
			isa = PBXVariantGroup;
			children = (
				34AAD19A25E2849200E8D3C2 /* Base */,
			);
			name = LaunchScreen.storyboard;
			sourceTree = "<group>";
		};
/* End PBXVariantGroup section */

/* Begin XCBuildConfiguration section */
		34AAD1B325E2849200E8D3C2 /* Debug */ = {
			isa = XCBuildConfiguration;
			buildSettings = {
				ALWAYS_SEARCH_USER_PATHS = NO;
				CLANG_ANALYZER_NONNULL = YES;
				CLANG_ANALYZER_NUMBER_OBJECT_CONVERSION = YES_AGGRESSIVE;
				CLANG_CXX_LANGUAGE_STANDARD = "gnu++14";
				CLANG_CXX_LIBRARY = "libc++";
				CLANG_ENABLE_MODULES = YES;
				CLANG_ENABLE_OBJC_ARC = YES;
				CLANG_ENABLE_OBJC_WEAK = YES;
				CLANG_WARN_BLOCK_CAPTURE_AUTORELEASING = YES;
				CLANG_WARN_BOOL_CONVERSION = YES;
				CLANG_WARN_COMMA = YES;
				CLANG_WARN_CONSTANT_CONVERSION = YES;
				CLANG_WARN_DEPRECATED_OBJC_IMPLEMENTATIONS = YES;
				CLANG_WARN_DIRECT_OBJC_ISA_USAGE = YES_ERROR;
				CLANG_WARN_DOCUMENTATION_COMMENTS = YES;
				CLANG_WARN_EMPTY_BODY = YES;
				CLANG_WARN_ENUM_CONVERSION = YES;
				CLANG_WARN_INFINITE_RECURSION = YES;
				CLANG_WARN_INT_CONVERSION = YES;
				CLANG_WARN_NON_LITERAL_NULL_CONVERSION = YES;
				CLANG_WARN_OBJC_IMPLICIT_RETAIN_SELF = YES;
				CLANG_WARN_OBJC_LITERAL_CONVERSION = YES;
				CLANG_WARN_OBJC_ROOT_CLASS = YES_ERROR;
				CLANG_WARN_QUOTED_INCLUDE_IN_FRAMEWORK_HEADER = YES;
				CLANG_WARN_RANGE_LOOP_ANALYSIS = YES;
				CLANG_WARN_STRICT_PROTOTYPES = YES;
				CLANG_WARN_SUSPICIOUS_MOVE = YES;
				CLANG_WARN_UNGUARDED_AVAILABILITY = YES_AGGRESSIVE;
				CLANG_WARN_UNREACHABLE_CODE = YES;
				CLANG_WARN__DUPLICATE_METHOD_MATCH = YES;
				COPY_PHASE_STRIP = NO;
				DEBUG_INFORMATION_FORMAT = dwarf;
				ENABLE_STRICT_OBJC_MSGSEND = YES;
				ENABLE_TESTABILITY = YES;
				GCC_C_LANGUAGE_STANDARD = gnu11;
				GCC_DYNAMIC_NO_PIC = NO;
				GCC_NO_COMMON_BLOCKS = YES;
				GCC_OPTIMIZATION_LEVEL = 0;
				GCC_PREPROCESSOR_DEFINITIONS = (
					"DEBUG=1",
					"$(inherited)",
				);
				GCC_WARN_64_TO_32_BIT_CONVERSION = YES;
				GCC_WARN_ABOUT_RETURN_TYPE = YES_ERROR;
				GCC_WARN_UNDECLARED_SELECTOR = YES;
				GCC_WARN_UNINITIALIZED_AUTOS = YES_AGGRESSIVE;
				GCC_WARN_UNUSED_FUNCTION = YES;
				GCC_WARN_UNUSED_VARIABLE = YES;
				IPHONEOS_DEPLOYMENT_TARGET = 14.4;
				MTL_ENABLE_DEBUG_INFO = INCLUDE_SOURCE;
				MTL_FAST_MATH = YES;
				ONLY_ACTIVE_ARCH = YES;
				SDKROOT = iphoneos;
				SWIFT_ACTIVE_COMPILATION_CONDITIONS = DEBUG;
				SWIFT_OPTIMIZATION_LEVEL = "-Onone";
			};
			name = Debug;
		};
		34AAD1B425E2849200E8D3C2 /* Release */ = {
			isa = XCBuildConfiguration;
			buildSettings = {
				ALWAYS_SEARCH_USER_PATHS = NO;
				CLANG_ANALYZER_NONNULL = YES;
				CLANG_ANALYZER_NUMBER_OBJECT_CONVERSION = YES_AGGRESSIVE;
				CLANG_CXX_LANGUAGE_STANDARD = "gnu++14";
				CLANG_CXX_LIBRARY = "libc++";
				CLANG_ENABLE_MODULES = YES;
				CLANG_ENABLE_OBJC_ARC = YES;
				CLANG_ENABLE_OBJC_WEAK = YES;
				CLANG_WARN_BLOCK_CAPTURE_AUTORELEASING = YES;
				CLANG_WARN_BOOL_CONVERSION = YES;
				CLANG_WARN_COMMA = YES;
				CLANG_WARN_CONSTANT_CONVERSION = YES;
				CLANG_WARN_DEPRECATED_OBJC_IMPLEMENTATIONS = YES;
				CLANG_WARN_DIRECT_OBJC_ISA_USAGE = YES_ERROR;
				CLANG_WARN_DOCUMENTATION_COMMENTS = YES;
				CLANG_WARN_EMPTY_BODY = YES;
				CLANG_WARN_ENUM_CONVERSION = YES;
				CLANG_WARN_INFINITE_RECURSION = YES;
				CLANG_WARN_INT_CONVERSION = YES;
				CLANG_WARN_NON_LITERAL_NULL_CONVERSION = YES;
				CLANG_WARN_OBJC_IMPLICIT_RETAIN_SELF = YES;
				CLANG_WARN_OBJC_LITERAL_CONVERSION = YES;
				CLANG_WARN_OBJC_ROOT_CLASS = YES_ERROR;
				CLANG_WARN_QUOTED_INCLUDE_IN_FRAMEWORK_HEADER = YES;
				CLANG_WARN_RANGE_LOOP_ANALYSIS = YES;
				CLANG_WARN_STRICT_PROTOTYPES = YES;
				CLANG_WARN_SUSPICIOUS_MOVE = YES;
				CLANG_WARN_UNGUARDED_AVAILABILITY = YES_AGGRESSIVE;
				CLANG_WARN_UNREACHABLE_CODE = YES;
				CLANG_WARN__DUPLICATE_METHOD_MATCH = YES;
				COPY_PHASE_STRIP = NO;
				DEBUG_INFORMATION_FORMAT = "dwarf-with-dsym";
				ENABLE_NS_ASSERTIONS = NO;
				ENABLE_STRICT_OBJC_MSGSEND = YES;
				GCC_C_LANGUAGE_STANDARD = gnu11;
				GCC_NO_COMMON_BLOCKS = YES;
				GCC_WARN_64_TO_32_BIT_CONVERSION = YES;
				GCC_WARN_ABOUT_RETURN_TYPE = YES_ERROR;
				GCC_WARN_UNDECLARED_SELECTOR = YES;
				GCC_WARN_UNINITIALIZED_AUTOS = YES_AGGRESSIVE;
				GCC_WARN_UNUSED_FUNCTION = YES;
				GCC_WARN_UNUSED_VARIABLE = YES;
				IPHONEOS_DEPLOYMENT_TARGET = 14.4;
				MTL_ENABLE_DEBUG_INFO = NO;
				MTL_FAST_MATH = YES;
				SDKROOT = iphoneos;
				SWIFT_COMPILATION_MODE = wholemodule;
				SWIFT_OPTIMIZATION_LEVEL = "-O";
				VALIDATE_PRODUCT = YES;
			};
			name = Release;
		};
		34AAD1B625E2849200E8D3C2 /* Debug */ = {
			isa = XCBuildConfiguration;
			buildSettings = {
				ASSETCATALOG_COMPILER_APPICON_NAME = AppIcon;
				ASSETCATALOG_COMPILER_GLOBAL_ACCENT_COLOR_NAME = AccentColor;
				CODE_SIGN_STYLE = Automatic;
				DEVELOPMENT_TEAM = XM6PT6Q8VD;
				INFOPLIST_FILE = test1/Info.plist;
				LD_RUNPATH_SEARCH_PATHS = (
					"$(inherited)",
					"@executable_path/Frameworks",
				);
				PRODUCT_BUNDLE_IDENTIFIER = Conv.test1;
				PRODUCT_NAME = "$(TARGET_NAME)";
				SWIFT_VERSION = 5.0;
				TARGETED_DEVICE_FAMILY = "1,2";
			};
			name = Debug;
		};
		34AAD1B725E2849200E8D3C2 /* Release */ = {
			isa = XCBuildConfiguration;
			buildSettings = {
				ASSETCATALOG_COMPILER_APPICON_NAME = AppIcon;
				ASSETCATALOG_COMPILER_GLOBAL_ACCENT_COLOR_NAME = AccentColor;
				CODE_SIGN_STYLE = Automatic;
				DEVELOPMENT_TEAM = XM6PT6Q8VD;
				INFOPLIST_FILE = test1/Info.plist;
				LD_RUNPATH_SEARCH_PATHS = (
					"$(inherited)",
					"@executable_path/Frameworks",
				);
				PRODUCT_BUNDLE_IDENTIFIER = Conv.test1;
				PRODUCT_NAME = "$(TARGET_NAME)";
				SWIFT_VERSION = 5.0;
				TARGETED_DEVICE_FAMILY = "1,2";
			};
			name = Release;
		};
		34AAD1B925E2849200E8D3C2 /* Debug */ = {
			isa = XCBuildConfiguration;
			buildSettings = {
				ALWAYS_EMBED_SWIFT_STANDARD_LIBRARIES = YES;
				BUNDLE_LOADER = "$(TEST_HOST)";
				CODE_SIGN_STYLE = Automatic;
				DEVELOPMENT_TEAM = XM6PT6Q8VD;
				INFOPLIST_FILE = test1Tests/Info.plist;
				IPHONEOS_DEPLOYMENT_TARGET = 14.4;
				LD_RUNPATH_SEARCH_PATHS = (
					"$(inherited)",
					"@executable_path/Frameworks",
					"@loader_path/Frameworks",
				);
				PRODUCT_BUNDLE_IDENTIFIER = Conv.test1Tests;
				PRODUCT_NAME = "$(TARGET_NAME)";
				SWIFT_VERSION = 5.0;
				TARGETED_DEVICE_FAMILY = "1,2";
				TEST_HOST = "$(BUILT_PRODUCTS_DIR)/test1.app/test1";
			};
			name = Debug;
		};
		34AAD1BA25E2849200E8D3C2 /* Release */ = {
			isa = XCBuildConfiguration;
			buildSettings = {
				ALWAYS_EMBED_SWIFT_STANDARD_LIBRARIES = YES;
				BUNDLE_LOADER = "$(TEST_HOST)";
				CODE_SIGN_STYLE = Automatic;
				DEVELOPMENT_TEAM = XM6PT6Q8VD;
				INFOPLIST_FILE = test1Tests/Info.plist;
				IPHONEOS_DEPLOYMENT_TARGET = 14.4;
				LD_RUNPATH_SEARCH_PATHS = (
					"$(inherited)",
					"@executable_path/Frameworks",
					"@loader_path/Frameworks",
				);
				PRODUCT_BUNDLE_IDENTIFIER = Conv.test1Tests;
				PRODUCT_NAME = "$(TARGET_NAME)";
				SWIFT_VERSION = 5.0;
				TARGETED_DEVICE_FAMILY = "1,2";
				TEST_HOST = "$(BUILT_PRODUCTS_DIR)/test1.app/test1";
			};
			name = Release;
		};
		34AAD1BC25E2849200E8D3C2 /* Debug */ = {
			isa = XCBuildConfiguration;
			buildSettings = {
				ALWAYS_EMBED_SWIFT_STANDARD_LIBRARIES = YES;
				CODE_SIGN_STYLE = Automatic;
				DEVELOPMENT_TEAM = XM6PT6Q8VD;
				INFOPLIST_FILE = test1UITests/Info.plist;
				LD_RUNPATH_SEARCH_PATHS = (
					"$(inherited)",
					"@executable_path/Frameworks",
					"@loader_path/Frameworks",
				);
				PRODUCT_BUNDLE_IDENTIFIER = Conv.test1UITests;
				PRODUCT_NAME = "$(TARGET_NAME)";
				SWIFT_VERSION = 5.0;
				TARGETED_DEVICE_FAMILY = "1,2";
				TEST_TARGET_NAME = test1;
			};
			name = Debug;
		};
		34AAD1BD25E2849200E8D3C2 /* Release */ = {
			isa = XCBuildConfiguration;
			buildSettings = {
				ALWAYS_EMBED_SWIFT_STANDARD_LIBRARIES = YES;
				CODE_SIGN_STYLE = Automatic;
				DEVELOPMENT_TEAM = XM6PT6Q8VD;
				INFOPLIST_FILE = test1UITests/Info.plist;
				LD_RUNPATH_SEARCH_PATHS = (
					"$(inherited)",
					"@executable_path/Frameworks",
					"@loader_path/Frameworks",
				);
				PRODUCT_BUNDLE_IDENTIFIER = Conv.test1UITests;
				PRODUCT_NAME = "$(TARGET_NAME)";
				SWIFT_VERSION = 5.0;
				TARGETED_DEVICE_FAMILY = "1,2";
				TEST_TARGET_NAME = test1;
			};
			name = Release;
		};
/* End XCBuildConfiguration section */

/* Begin XCConfigurationList section */
		34AAD18625E2849100E8D3C2 /* Build configuration list for PBXProject "test1" */ = {
			isa = XCConfigurationList;
			buildConfigurations = (
				34AAD1B325E2849200E8D3C2 /* Debug */,
				34AAD1B425E2849200E8D3C2 /* Release */,
			);
			defaultConfigurationIsVisible = 0;
			defaultConfigurationName = Release;
		};
		34AAD1B525E2849200E8D3C2 /* Build configuration list for PBXNativeTarget "test1" */ = {
			isa = XCConfigurationList;
			buildConfigurations = (
				34AAD1B625E2849200E8D3C2 /* Debug */,
				34AAD1B725E2849200E8D3C2 /* Release */,
			);
			defaultConfigurationIsVisible = 0;
			defaultConfigurationName = Release;
		};
		34AAD1B825E2849200E8D3C2 /* Build configuration list for PBXNativeTarget "test1Tests" */ = {
			isa = XCConfigurationList;
			buildConfigurations = (
				34AAD1B925E2849200E8D3C2 /* Debug */,
				34AAD1BA25E2849200E8D3C2 /* Release */,
			);
			defaultConfigurationIsVisible = 0;
			defaultConfigurationName = Release;
		};
		34AAD1BB25E2849200E8D3C2 /* Build configuration list for PBXNativeTarget "test1UITests" */ = {
			isa = XCConfigurationList;
			buildConfigurations = (
				34AAD1BC25E2849200E8D3C2 /* Debug */,
				34AAD1BD25E2849200E8D3C2 /* Release */,
			);
			defaultConfigurationIsVisible = 0;
			defaultConfigurationName = Release;
		};
/* End XCConfigurationList section */
	};
	rootObject = 34AAD18325E2849100E8D3C2 /* Project object */;
}
